Microsoft Visual Studio Solution File, Format Version 12.00
# Visual Studio 2013
VisualStudioVersion = 12.0.30501.0
MinimumVisualStudioVersion = 10.0.40219.1
Project("{FAE04EC0-301F-11D3-BF4B-00C04F79EFBC}") = "HdrHistogram.NET", "HdrHistogram.NET\HdrHistogram.NET.csproj", "{655D9C4C-5BBD-4494-9828-AE427A1DDD01}"
EndProject
Project("{FAE04EC0-301F-11D3-BF4B-00C04F79EFBC}") = "HdrHistogram.NET.Examples", "HdrHistogram.NET.Examples\HdrHistogram.NET.Examples.csproj", "{E210C748-4792-4658-9345-CC073C29EC0B}"
	ProjectSection(ProjectDependencies) = postProject
		{D9982DA2-6B8E-4C69-AEFD-69136D6EEAA6} = {D9982DA2-6B8E-4C69-AEFD-69136D6EEAA6}
	EndProjectSection
EndProject
Project("{FAE04EC0-301F-11D3-BF4B-00C04F79EFBC}") = "HdrHistogram.NET.Test", "HdrHistogram.NET.Test\HdrHistogram.NET.Test.csproj", "{2D189069-FE39-42AE-8169-71ABC4D5A87B}"
EndProject
Project("{FAE04EC0-301F-11D3-BF4B-00C04F79EFBC}") = "NuGet.Packager", "NuGet.Packager\NuGet.Packager.csproj", "{0451BAEF-DF2E-4B98-8644-94EE9415E389}"
EndProject
Project("{FAE04EC0-301F-11D3-BF4B-00C04F79EFBC}") = "HdrHistogram.NET.PerfTestRunner", "HdrHistogram.NET.PerfTestRunner\HdrHistogram.NET.PerfTestRunner.csproj", "{D9982DA2-6B8E-4C69-AEFD-69136D6EEAA6}"
EndProject
Global
	GlobalSection(SolutionConfigurationPlatforms) = preSolution
		Debug|Any CPU = Debug|Any CPU
		Release|Any CPU = Release|Any CPU
	EndGlobalSection
	GlobalSection(ProjectConfigurationPlatforms) = postSolution
		{655D9C4C-5BBD-4494-9828-AE427A1DDD01}.Debug|Any CPU.ActiveCfg = Debug|Any CPU
		{655D9C4C-5BBD-4494-9828-AE427A1DDD01}.Debug|Any CPU.Build.0 = Debug|Any CPU
		{655D9C4C-5BBD-4494-9828-AE427A1DDD01}.Release|Any CPU.ActiveCfg = Release|Any CPU
		{655D9C4C-5BBD-4494-9828-AE427A1DDD01}.Release|Any CPU.Build.0 = Release|Any CPU
		{E210C748-4792-4658-9345-CC073C29EC0B}.Debug|Any CPU.ActiveCfg = Debug|Any CPU
		{E210C748-4792-4658-9345-CC073C29EC0B}.Debug|Any CPU.Build.0 = Debug|Any CPU
		{E210C748-4792-4658-9345-CC073C29EC0B}.Release|Any CPU.ActiveCfg = Release|Any CPU
		{E210C748-4792-4658-9345-CC073C29EC0B}.Release|Any CPU.Build.0 = Release|Any CPU
		{2D189069-FE39-42AE-8169-71ABC4D5A87B}.Debug|Any CPU.ActiveCfg = Debug|Any CPU
		{2D189069-FE39-42AE-8169-71ABC4D5A87B}.Debug|Any CPU.Build.0 = Debug|Any CPU
		{2D189069-FE39-42AE-8169-71ABC4D5A87B}.Release|Any CPU.ActiveCfg = Release|Any CPU
		{2D189069-FE39-42AE-8169-71ABC4D5A87B}.Release|Any CPU.Build.0 = Release|Any CPU
		{0451BAEF-DF2E-4B98-8644-94EE9415E389}.Debug|Any CPU.ActiveCfg = Debug|Any CPU
		{0451BAEF-DF2E-4B98-8644-94EE9415E389}.Debug|Any CPU.Build.0 = Debug|Any CPU
		{0451BAEF-DF2E-4B98-8644-94EE9415E389}.Release|Any CPU.ActiveCfg = Release|Any CPU
		{0451BAEF-DF2E-4B98-8644-94EE9415E389}.Release|Any CPU.Build.0 = Release|Any CPU
		{D9982DA2-6B8E-4C69-AEFD-69136D6EEAA6}.Debug|Any CPU.ActiveCfg = Debug|Any CPU
		{D9982DA2-6B8E-4C69-AEFD-69136D6EEAA6}.Debug|Any CPU.Build.0 = Debug|Any CPU
		{D9982DA2-6B8E-4C69-AEFD-69136D6EEAA6}.Release|Any CPU.ActiveCfg = Release|Any CPU
		{D9982DA2-6B8E-4C69-AEFD-69136D6EEAA6}.Release|Any CPU.Build.0 = Release|Any CPU
	EndGlobalSection
	GlobalSection(SolutionProperties) = preSolution
		HideSolutionNode = FALSE
	EndGlobalSection
EndGlobal
